github.com/agentflare-ai/go-xmldom v0.1.1 h1:lwep30KcIkJfS7mzEawVRDcqzdxM5VFLE8OMqLzPc5Q=
github.com/agentflare-ai/go-xmldom v0.1.1/go.mod h1:NKP8LuOPqhVLpEM3JaUejiLn1nZYFb6Dn9NMs5qqvCw=
github.com/golang/groupcache v0.0.0-20241129210726-2c02b8208cf8 h1:f+oWsMOmNPc8JmEHVZIycC7hBoQxHH9pNKQORJNozsQ=
github.com/golang/groupcache v0.0.0-20241129210726-2c02b8208cf8/go.mod h1:wcDNUvekVysuuOpQKo3191zZyTpiI6se1N1ULghS0sw=
golang.org/x/text v0.30.0 h1:yznKA/E9zq54KzlzBEAWn1NXSQ8DIp/NYMy88xJjl4k=
golang.org/x/text v0.30.0/go.mod h1:yDdHFIX9t+tORqspjENWgzaCVXgk0yYnYuSZ8UzzBVM=
