github.com/agentflare-ai/go-xmldom v0.0.0-20251007203554-7447af628498 h1:Y6OdDVFhCBEa3XZKk5PPLz1OBIwG58JSRjSqzCxpTHU=
github.com/agentflare-ai/go-xmldom v0.0.0-20251007203554-7447af628498/go.mod h1:Gj7LvvY3Dc2j3rp5zEXsZenOFioDK53K29x/8tIPB0Q=
github.com/golang/groupcache v0.0.0-20241129210726-2c02b8208cf8 h1:f+oWsMOmNPc8JmEHVZIycC7hBoQxHH9pNKQORJNozsQ=
github.com/golang/groupcache v0.0.0-20241129210726-2c02b8208cf8/go.mod h1:wcDNUvekVysuuOpQKo3191zZyTpiI6se1N1ULghS0sw=
golang.org/x/text v0.30.0 h1:yznKA/E9zq54KzlzBEAWn1NXSQ8DIp/NYMy88xJjl4k=
